<?xml version="1.0" encoding="utf-8"?>
<Project ToolsVersion="4.0" xmlns="http://schemas.microsoft.com/developer/msbuild/2003">
  <ItemGroup>
    <Filter Include="源文件">
      <UniqueIdentifier>{4FC737F1-C7A5-4376-A066-2A32D752A2FF}</UniqueIdentifier>
      <Extensions>cpp;c;cc;cxx;def;odl;idl;hpj;bat;asm;asmx</Extensions>
    </Filter>
    <Filter Include="头文件">
      <UniqueIdentifier>{93995380-89BD-4b04-88EB-625FBE52EBFB}</UniqueIdentifier>
      <Extensions>h;hh;hpp;hxx;hm;inl;inc;xsd</Extensions>
    </Filter>
    <Filter Include="资源文件">
      <UniqueIdentifier>{67DA6AB6-F800-4c08-8B7A-83BB121AAD01}</UniqueIdentifier>
      <Extensions>rc;ico;cur;bmp;dlg;rc2;rct;bin;rgs;gif;jpg;jpeg;jpe;resx;tiff;tif;png;wav;mfcribbon-ms</Extensions>
    </Filter>
  </ItemGroup>
  <ItemGroup>
    <Text Include="ReadMe.txt" />
  </ItemGroup>
  <ItemGroup>
    <ClInclude Include="Sixth.h">
      <Filter>头文件</Filter>
    </ClInclude>
    <ClInclude Include="SixthDlg.h">
      <Filter>头文件</Filter>
    </ClInclude>
    <ClInclude Include="stdafx.h">
      <Filter>头文件</Filter>
    </ClInclude>
    <ClInclude Include="targetver.h">
      <Filter>头文件</Filter>
    </ClInclude>
    <ClInclude Include="Resource.h">
      <Filter>头文件</Filter>
    </ClInclude>
    <ClInclude Include="NewUserDialog.h">
      <Filter>头文件</Filter>
    </ClInclude>
    <ClInclude Include="User.h">
      <Filter>头文件</Filter>
    </ClInclude>
    <ClInclude Include="URecord.h">
      <Filter>头文件</Filter>
    </ClInclude>
    <ClInclude Include="TheTimer.h">
      <Filter>头文件</Filter>
    </ClInclude>
    <ClInclude Include="HomeDialog.h">
      <Filter>头文件</Filter>
    </ClInclude>
    <ClInclude Include="TransferDialog.h">
      <Filter>头文件</Filter>
    </ClInclude>
    <ClInclude Include="SaveDialog.h">
      <Filter>头文件</Filter>
    </ClInclude>
    <ClInclude Include="DetailsDialog.h">
      <Filter>头文件</Filter>
    </ClInclude>
    <ClInclude Include="PaymentDialog.h">
      <Filter>头文件</Filter>
    </ClInclude>
  </ItemGroup>
  <ItemGroup>
    <ClCompile Include="Sixth.cpp">
      <Filter>源文件</Filter>
    </ClCompile>
    <ClCompile Include="SixthDlg.cpp">
      <Filter>源文件</Filter>
    </ClCompile>
    <ClCompile Include="stdafx.cpp">
      <Filter>源文件</Filter>
    </ClCompile>
    <ClCompile Include="NewUserDialog.cpp">
      <Filter>源文件</Filter>
    </ClCompile>
    <ClCompile Include="User.cpp">
      <Filter>源文件</Filter>
    </ClCompile>
    <ClCompile Include="URecord.cpp">
      <Filter>源文件</Filter>
    </ClCompile>
    <ClCompile Include="TheTimer.cpp">
      <Filter>源文件</Filter>
    </ClCompile>
    <ClCompile Include="HomeDialog.cpp">
      <Filter>源文件</Filter>
    </ClCompile>
    <ClCompile Include="TransferDialog.cpp">
      <Filter>源文件</Filter>
    </ClCompile>
    <ClCompile Include="SaveDialog.cpp">
      <Filter>源文件</Filter>
    </ClCompile>
    <ClCompile Include="DetailsDialog.cpp">
      <Filter>源文件</Filter>
    </ClCompile>
    <ClCompile Include="PaymentDialog.cpp">
      <Filter>源文件</Filter>
    </ClCompile>
  </ItemGroup>
  <ItemGroup>
    <ResourceCompile Include="Sixth.rc">
      <Filter>资源文件</Filter>
    </ResourceCompile>
  </ItemGroup>
  <ItemGroup>
    <None Include="res\Sixth.rc2">
      <Filter>资源文件</Filter>
    </None>
  </ItemGroup>
  <ItemGroup>
    <Image Include="res\Sixth.ico">
      <Filter>资源文件</Filter>
    </Image>
  </ItemGroup>
</Project>